// !$*UTF8*$!
{
	archiveVersion = 1;
	classes = {
	};
	objectVersion = 46;
	objects = {

/* Begin PBXBuildFile section */
		04E106651B9CFF7F00A415B2 /* AppDelegate.swift in Sources */ = {isa = PBXBuildFile; fileRef = 04E106641B9CFF7F00A415B2 /* AppDelegate.swift */; };
		04E106671B9CFF7F00A415B2 /* ViewController.swift in Sources */ = {isa = PBXBuildFile; fileRef = 04E106661B9CFF7F00A415B2 /* ViewController.swift */; };
		04E1066A1B9CFF7F00A415B2 /* Main.storyboard in Resources */ = {isa = PBXBuildFile; fileRef = 04E106681B9CFF7F00A415B2 /* Main.storyboard */; };
		04E1066C1B9CFF7F00A415B2 /* Assets.xcassets in Resources */ = {isa = PBXBuildFile; fileRef = 04E1066B1B9CFF7F00A415B2 /* Assets.xcassets */; };
		04E1066F1B9CFF7F00A415B2 /* LaunchScreen.storyboard in Resources */ = {isa = PBXBuildFile; fileRef = 04E1066D1B9CFF7F00A415B2 /* LaunchScreen.storyboard */; };
		04E1067A1B9CFF7F00A415B2 /* MemorizerTests.swift in Sources */ = {isa = PBXBuildFile; fileRef = 04E106791B9CFF7F00A415B2 /* MemorizerTests.swift */; };
		04E106851B9CFF7F00A415B2 /* MemorizerUITests.swift in Sources */ = {isa = PBXBuildFile; fileRef = 04E106841B9CFF7F00A415B2 /* MemorizerUITests.swift */; };
/* End PBXBuildFile section */

/* Begin PBXContainerItemProxy section */
		04E106761B9CFF7F00A415B2 /* PBXContainerItemProxy */ = {
			isa = PBXContainerItemProxy;
			containerPortal = 04E106591B9CFF7E00A415B2 /* Project object */;
			proxyType = 1;
			remoteGlobalIDString = 04E106601B9CFF7E00A415B2;
			remoteInfo = Memorizer;
		};
		04E106811B9CFF7F00A415B2 /* PBXContainerItemProxy */ = {
			isa = PBXContainerItemProxy;
			containerPortal = 04E106591B9CFF7E00A415B2 /* Project object */;
			proxyType = 1;
			remoteGlobalIDString = 04E106601B9CFF7E00A415B2;
			remoteInfo = Memorizer;
		};
/* End PBXContainerItemProxy section */

/* Begin PBXFileReference section */
		04E106611B9CFF7E00A415B2 /* Memorizer.app */ = {isa = PBXFileReference; explicitFileType = wrapper.application; includeInIndex = 0; path = Memorizer.app; sourceTree = BUILT_PRODUCTS_DIR; };
		04E106641B9CFF7F00A415B2 /* AppDelegate.swift */ = {isa = PBXFileReference; lastKnownFileType = sourcecode.swift; path = AppDelegate.swift; sourceTree = "<group>"; };
		04E106661B9CFF7F00A415B2 /* ViewController.swift */ = {isa = PBXFileReference; lastKnownFileType = sourcecode.swift; path = ViewController.swift; sourceTree = "<group>"; };
		04E106691B9CFF7F00A415B2 /* Base */ = {isa = PBXFileReference; lastKnownFileType = file.storyboard; name = Base; path = Base.lproj/Main.storyboard; sourceTree = "<group>"; };
		04E1066B1B9CFF7F00A415B2 /* Assets.xcassets */ = {isa = PBXFileReference; lastKnownFileType = folder.assetcatalog; path = Assets.xcassets; sourceTree = "<group>"; };
		04E1066E1B9CFF7F00A415B2 /* Base */ = {isa = PBXFileReference; lastKnownFileType = file.storyboard; name = Base; path = Base.lproj/LaunchScreen.storyboard; sourceTree = "<group>"; };
		04E106701B9CFF7F00A415B2 /* Info.plist */ = {isa = PBXFileReference; lastKnownFileType = text.plist.xml; path = Info.plist; sourceTree = "<group>"; };
		04E106751B9CFF7F00A415B2 /* MemorizerTests.xctest */ = {isa = PBXFileReference; explicitFileType = wrapper.cfbundle; includeInIndex = 0; path = MemorizerTests.xctest; sourceTree = BUILT_PRODUCTS_DIR; };
		04E106791B9CFF7F00A415B2 /* MemorizerTests.swift */ = {isa = PBXFileReference; lastKnownFileType = sourcecode.swift; path = MemorizerTests.swift; sourceTree = "<group>"; };
		04E1067B1B9CFF7F00A415B2 /* Info.plist */ = {isa = PBXFileReference; lastKnownFileType = text.plist.xml; path = Info.plist; sourceTree = "<group>"; };
		04E106801B9CFF7F00A415B2 /* MemorizerUITests.xctest */ = {isa = PBXFileReference; explicitFileType = wrapper.cfbundle; includeInIndex = 0; path = MemorizerUITests.xctest; sourceTree = BUILT_PRODUCTS_DIR; };
		04E106841B9CFF7F00A415B2 /* MemorizerUITests.swift */ = {isa = PBXFileReference; lastKnownFileType = sourcecode.swift; path = MemorizerUITests.swift; sourceTree = "<group>"; };
		04E106861B9CFF7F00A415B2 /* Info.plist */ = {isa = PBXFileReference; lastKnownFileType = text.plist.xml; path = Info.plist; sourceTree = "<group>"; };
/* End PBXFileReference section */

/* Begin PBXFrameworksBuildPhase section */
		04E1065E1B9CFF7E00A415B2 /* Frameworks */ = {
			isa = PBXFrameworksBuildPhase;
			buildActionMask = 2147483647;
			files = (
			);
			runOnlyForDeploymentPostprocessing = 0;
		};
		04E106721B9CFF7F00A415B2 /* Frameworks */ = {
			isa = PBXFrameworksBuildPhase;
			buildActionMask = 2147483647;
			files = (
			);
			runOnlyForDeploymentPostprocessing = 0;
		};
		04E1067D1B9CFF7F00A415B2 /* Frameworks */ = {
			isa = PBXFrameworksBuildPhase;
			buildActionMask = 2147483647;
			files = (
			);
			runOnlyForDeploymentPostprocessing = 0;
		};
/* End PBXFrameworksBuildPhase section */

/* Begin PBXGroup section */
		04E106581B9CFF7E00A415B2 = {
			isa = PBXGroup;
			children = (
				04E106631B9CFF7E00A415B2 /* Memorizer */,
				04E106781B9CFF7F00A415B2 /* MemorizerTests */,
				04E106831B9CFF7F00A415B2 /* MemorizerUITests */,
				04E106621B9CFF7E00A415B2 /* Products */,
			);
			sourceTree = "<group>";
		};
		04E106621B9CFF7E00A415B2 /* Products */ = {
			isa = PBXGroup;
			children = (
				04E106611B9CFF7E00A415B2 /* Memorizer.app */,
				04E106751B9CFF7F00A415B2 /* MemorizerTests.xctest */,
				04E106801B9CFF7F00A415B2 /* MemorizerUITests.xctest */,
			);
			name = Products;
			sourceTree = "<group>";
		};
		04E106631B9CFF7E00A415B2 /* Memorizer */ = {
			isa = PBXGroup;
			children = (
				04E106641B9CFF7F00A415B2 /* AppDelegate.swift */,
				04E106661B9CFF7F00A415B2 /* ViewController.swift */,
				04E106681B9CFF7F00A415B2 /* Main.storyboard */,
				04E1066B1B9CFF7F00A415B2 /* Assets.xcassets */,
				04E1066D1B9CFF7F00A415B2 /* LaunchScreen.storyboard */,
				04E106701B9CFF7F00A415B2 /* Info.plist */,
			);
			path = Memorizer;
			sourceTree = "<group>";
		};
		04E106781B9CFF7F00A415B2 /* MemorizerTests */ = {
			isa = PBXGroup;
			children = (
				04E106791B9CFF7F00A415B2 /* MemorizerTests.swift */,
				04E1067B1B9CFF7F00A415B2 /* Info.plist */,
			);
			path = MemorizerTests;
			sourceTree = "<group>";
		};
		04E106831B9CFF7F00A415B2 /* MemorizerUITests */ = {
			isa = PBXGroup;
			children = (
				04E106841B9CFF7F00A415B2 /* MemorizerUITests.swift */,
				04E106861B9CFF7F00A415B2 /* Info.plist */,
			);
			path = MemorizerUITests;
			sourceTree = "<group>";
		};
/* End PBXGroup section */

/* Begin PBXNativeTarget section */
		04E106601B9CFF7E00A415B2 /* Memorizer */ = {
			isa = PBXNativeTarget;
			buildConfigurationList = 04E106891B9CFF7F00A415B2 /* Build configuration list for PBXNativeTarget "Memorizer" */;
			buildPhases = (
				04E1065D1B9CFF7E00A415B2 /* Sources */,
				04E1065E1B9CFF7E00A415B2 /* Frameworks */,
				04E1065F1B9CFF7E00A415B2 /* Resources */,
			);
			buildRules = (
			);
			dependencies = (
			);
			name = Memorizer;
			productName = Memorizer;
			productReference = 04E106611B9CFF7E00A415B2 /* Memorizer.app */;
			productType = "com.apple.product-type.application";
		};
		04E106741B9CFF7F00A415B2 /* MemorizerTests */ = {
			isa = PBXNativeTarget;
			buildConfigurationList = 04E1068C1B9CFF7F00A415B2 /* Build configuration list for PBXNativeTarget "MemorizerTests" */;
			buildPhases = (
				04E106711B9CFF7F00A415B2 /* Sources */,
				04E106721B9CFF7F00A415B2 /* Frameworks */,
				04E106731B9CFF7F00A415B2 /* Resources */,
			);
			buildRules = (
			);
			dependencies = (
				04E106771B9CFF7F00A415B2 /* PBXTargetDependency */,
			);
			name = MemorizerTests;
			productName = MemorizerTests;
			productReference = 04E106751B9CFF7F00A415B2 /* MemorizerTests.xctest */;
			productType = "com.apple.product-type.bundle.unit-test";
		};
		04E1067F1B9CFF7F00A415B2 /* MemorizerUITests */ = {
			isa = PBXNativeTarget;
			buildConfigurationList = 04E1068F1B9CFF7F00A415B2 /* Build configuration list for PBXNativeTarget "MemorizerUITests" */;
			buildPhases = (
				04E1067C1B9CFF7F00A415B2 /* Sources */,
				04E1067D1B9CFF7F00A415B2 /* Frameworks */,
				04E1067E1B9CFF7F00A415B2 /* Resources */,
			);
			buildRules = (
			);
			dependencies = (
				04E106821B9CFF7F00A415B2 /* PBXTargetDependency */,
			);
			name = MemorizerUITests;
			productName = MemorizerUITests;
			productReference = 04E106801B9CFF7F00A415B2 /* MemorizerUITests.xctest */;
			productType = "com.apple.product-type.bundle.ui-testing";
		};
/* End PBXNativeTarget section */

/* Begin PBXProject section */
		04E106591B9CFF7E00A415B2 /* Project object */ = {
			isa = PBXProject;
			attributes = {
				LastUpgradeCheck = 0700;
				ORGANIZATIONNAME = "Tiny Terabyte";
				TargetAttributes = {
					04E106601B9CFF7E00A415B2 = {
						CreatedOnToolsVersion = 7.0;
					};
					04E106741B9CFF7F00A415B2 = {
						CreatedOnToolsVersion = 7.0;
						TestTargetID = 04E106601B9CFF7E00A415B2;
					};
					04E1067F1B9CFF7F00A415B2 = {
						CreatedOnToolsVersion = 7.0;
						TestTargetID = 04E106601B9CFF7E00A415B2;
					};
				};
			};
			buildConfigurationList = 04E1065C1B9CFF7E00A415B2 /* Build configuration list for PBXProject "Memorizer" */;
			compatibilityVersion = "Xcode 3.2";
			developmentRegion = English;
			hasScannedForEncodings = 0;
			knownRegions = (
				en,
				Base,
			);
			mainGroup = 04E106581B9CFF7E00A415B2;
			productRefGroup = 04E106621B9CFF7E00A415B2 /* Products */;
			projectDirPath = "";
			projectRoot = "";
			targets = (
				04E106601B9CFF7E00A415B2 /* Memorizer */,
				04E106741B9CFF7F00A415B2 /* MemorizerTests */,
				04E1067F1B9CFF7F00A415B2 /* MemorizerUITests */,
			);
		};
/* End PBXProject section */

/* Begin PBXResourcesBuildPhase section */
		04E1065F1B9CFF7E00A415B2 /* Resources */ = {
			isa = PBXResourcesBuildPhase;
			buildActionMask = 2147483647;
			files = (
				04E1066F1B9CFF7F00A415B2 /* LaunchScreen.storyboard in Resources */,
				04E1066C1B9CFF7F00A415B2 /* Assets.xcassets in Resources */,
				04E1066A1B9CFF7F00A415B2 /* Main.storyboard in Resources */,
			);
			runOnlyForDeploymentPostprocessing = 0;
		};
		04E106731B9CFF7F00A415B2 /* Resources */ = {
			isa = PBXResourcesBuildPhase;
			buildActionMask = 2147483647;
			files = (
			);
			runOnlyForDeploymentPostprocessing = 0;
		};
		04E1067E1B9CFF7F00A415B2 /* Resources */ = {
			isa = PBXResourcesBuildPhase;
			buildActionMask = 2147483647;
			files = (
			);
			runOnlyForDeploymentPostprocessing = 0;
		};
/* End PBXResourcesBuildPhase section */

/* Begin PBXSourcesBuildPhase section */
		04E1065D1B9CFF7E00A415B2 /* Sources */ = {
			isa = PBXSourcesBuildPhase;
			buildActionMask = 2147483647;
			files = (
				04E106671B9CFF7F00A415B2 /* ViewController.swift in Sources */,
				04E106651B9CFF7F00A415B2 /* AppDelegate.swift in Sources */,
			);
			runOnlyForDeploymentPostprocessing = 0;
		};
		04E106711B9CFF7F00A415B2 /* Sources */ = {
			isa = PBXSourcesBuildPhase;
			buildActionMask = 2147483647;
			files = (
				04E1067A1B9CFF7F00A415B2 /* MemorizerTests.swift in Sources */,
			);
			runOnlyForDeploymentPostprocessing = 0;
		};
		04E1067C1B9CFF7F00A415B2 /* Sources */ = {
			isa = PBXSourcesBuildPhase;
			buildActionMask = 2147483647;
			files = (
				04E106851B9CFF7F00A415B2 /* MemorizerUITests.swift in Sources */,
			);
			runOnlyForDeploymentPostprocessing = 0;
		};
/* End PBXSourcesBuildPhase section */

/* Begin PBXTargetDependency section */
		04E106771B9CFF7F00A415B2 /* PBXTargetDependency */ = {
			isa = PBXTargetDependency;
			target = 04E106601B9CFF7E00A415B2 /* Memorizer */;
			targetProxy = 04E106761B9CFF7F00A415B2 /* PBXContainerItemProxy */;
		};
		04E106821B9CFF7F00A415B2 /* PBXTargetDependency */ = {
			isa = PBXTargetDependency;
			target = 04E106601B9CFF7E00A415B2 /* Memorizer */;
			targetProxy = 04E106811B9CFF7F00A415B2 /* PBXContainerItemProxy */;
		};
/* End PBXTargetDependency section */

/* Begin PBXVariantGroup section */
		04E106681B9CFF7F00A415B2 /* Main.storyboard */ = {
			isa = PBXVariantGroup;
			children = (
				04E106691B9CFF7F00A415B2 /* Base */,
			);
			name = Main.storyboard;
			sourceTree = "<group>";
		};
		04E1066D1B9CFF7F00A415B2 /* LaunchScreen.storyboard */ = {
			isa = PBXVariantGroup;
			children = (
				04E1066E1B9CFF7F00A415B2 /* Base */,
			);
			name = LaunchScreen.storyboard;
			sourceTree = "<group>";
		};
/* End PBXVariantGroup section */

/* Begin XCBuildConfiguration section */
		04E106871B9CFF7F00A415B2 /* Debug */ = {
			isa = XCBuildConfiguration;
			buildSettings = {
				ALWAYS_SEARCH_USER_PATHS = NO;
				CLANG_CXX_LANGUAGE_STANDARD = "gnu++0x";
				CLANG_CXX_LIBRARY = "libc++";
				CLANG_ENABLE_MODULES = YES;
				CLANG_ENABLE_OBJC_ARC = YES;
				CLANG_WARN_BOOL_CONVERSION = YES;
				CLANG_WARN_CONSTANT_CONVERSION = YES;
				CLANG_WARN_DIRECT_OBJC_ISA_USAGE = YES_ERROR;
				CLANG_WARN_EMPTY_BODY = YES;
				CLANG_WARN_ENUM_CONVERSION = YES;
				CLANG_WARN_INT_CONVERSION = YES;
				CLANG_WARN_OBJC_ROOT_CLASS = YES_ERROR;
				CLANG_WARN_UNREACHABLE_CODE = YES;
				CLANG_WARN__DUPLICATE_METHOD_MATCH = YES;
				"CODE_SIGN_IDENTITY[sdk=iphoneos*]" = "iPhone Developer";
				COPY_PHASE_STRIP = NO;
				DEBUG_INFORMATION_FORMAT = dwarf;
				ENABLE_STRICT_OBJC_MSGSEND = YES;
				ENABLE_TESTABILITY = YES;
				GCC_C_LANGUAGE_STANDARD = gnu99;
				GCC_DYNAMIC_NO_PIC = NO;
				GCC_NO_COMMON_BLOCKS = YES;
				GCC_OPTIMIZATION_LEVEL = 0;
				GCC_PREPROCESSOR_DEFINITIONS = (
					"DEBUG=1",
					"$(inherited)",
				);
				GCC_WARN_64_TO_32_BIT_CONVERSION = YES;
				GCC_WARN_ABOUT_RETURN_TYPE = YES_ERROR;
				GCC_WARN_UNDECLARED_SELECTOR = YES;
				GCC_WARN_UNINITIALIZED_AUTOS = YES_AGGRESSIVE;
				GCC_WARN_UNUSED_FUNCTION = YES;
				GCC_WARN_UNUSED_VARIABLE = YES;
				IPHONEOS_DEPLOYMENT_TARGET = 9.0;
				MTL_ENABLE_DEBUG_INFO = YES;
				ONLY_ACTIVE_ARCH = YES;
				SDKROOT = iphoneos;
				SWIFT_OPTIMIZATION_LEVEL = "-Onone";
			};
			name = Debug;
		};
		04E106881B9CFF7F00A415B2 /* Release */ = {
			isa = XCBuildConfiguration;
			buildSettings = {
				ALWAYS_SEARCH_USER_PATHS = NO;
				CLANG_CXX_LANGUAGE_STANDARD = "gnu++0x";
				CLANG_CXX_LIBRARY = "libc++";
				CLANG_ENABLE_MODULES = YES;
				CLANG_ENABLE_OBJC_ARC = YES;
				CLANG_WARN_BOOL_CONVERSION = YES;
				CLANG_WARN_CONSTANT_CONVERSION = YES;
				CLANG_WARN_DIRECT_OBJC_ISA_USAGE = YES_ERROR;
				CLANG_WARN_EMPTY_BODY = YES;
				CLANG_WARN_ENUM_CONVERSION = YES;
				CLANG_WARN_INT_CONVERSION = YES;
				CLANG_WARN_OBJC_ROOT_CLASS = YES_ERROR;
				CLANG_WARN_UNREACHABLE_CODE = YES;
				CLANG_WARN__DUPLICATE_METHOD_MATCH = YES;
				"CODE_SIGN_IDENTITY[sdk=iphoneos*]" = "iPhone Developer";
				COPY_PHASE_STRIP = NO;
				DEBUG_INFORMATION_FORMAT = "dwarf-with-dsym";
				ENABLE_NS_ASSERTIONS = NO;
				ENABLE_STRICT_OBJC_MSGSEND = YES;
				GCC_C_LANGUAGE_STANDARD = gnu99;
				GCC_NO_COMMON_BLOCKS = YES;
				GCC_WARN_64_TO_32_BIT_CONVERSION = YES;
				GCC_WARN_ABOUT_RETURN_TYPE = YES_ERROR;
				GCC_WARN_UNDECLARED_SELECTOR = YES;
				GCC_WARN_UNINITIALIZED_AUTOS = YES_AGGRESSIVE;
				GCC_WARN_UNUSED_FUNCTION = YES;
				GCC_WARN_UNUSED_VARIABLE = YES;
				IPHONEOS_DEPLOYMENT_TARGET = 9.0;
				MTL_ENABLE_DEBUG_INFO = NO;
				SDKROOT = iphoneos;
				VALIDATE_PRODUCT = YES;
			};
			name = Release;
		};
		04E1068A1B9CFF7F00A415B2 /* Debug */ = {
			isa = XCBuildConfiguration;
			buildSettings = {
				ASSETCATALOG_COMPILER_APPICON_NAME = AppIcon;
				INFOPLIST_FILE = Memorizer/Info.plist;
				LD_RUNPATH_SEARCH_PATHS = "$(inherited) @executable_path/Frameworks";
				PRODUCT_BUNDLE_IDENTIFIER = com.tinyterabyte.Memorizer;
				PRODUCT_NAME = "$(TARGET_NAME)";
			};
			name = Debug;
		};
		04E1068B1B9CFF7F00A415B2 /* Release */ = {
			isa = XCBuildConfiguration;
			buildSettings = {
				ASSETCATALOG_COMPILER_APPICON_NAME = AppIcon;
				INFOPLIST_FILE = Memorizer/Info.plist;
				LD_RUNPATH_SEARCH_PATHS = "$(inherited) @executable_path/Frameworks";
				PRODUCT_BUNDLE_IDENTIFIER = com.tinyterabyte.Memorizer;
				PRODUCT_NAME = "$(TARGET_NAME)";
			};
			name = Release;
		};
		04E1068D1B9CFF7F00A415B2 /* Debug */ = {
			isa = XCBuildConfiguration;
			buildSettings = {
				BUNDLE_LOADER = "$(TEST_HOST)";
				INFOPLIST_FILE = MemorizerTests/Info.plist;
				LD_RUNPATH_SEARCH_PATHS = "$(inherited) @executable_path/Frameworks @loader_path/Frameworks";
				PRODUCT_BUNDLE_IDENTIFIER = com.tinyterabyte.MemorizerTests;
				PRODUCT_NAME = "$(TARGET_NAME)";
				TEST_HOST = "$(BUILT_PRODUCTS_DIR)/Memorizer.app/Memorizer";
			};
			name = Debug;
		};
		04E1068E1B9CFF7F00A415B2 /* Release */ = {
			isa = XCBuildConfiguration;
			buildSettings = {
				BUNDLE_LOADER = "$(TEST_HOST)";
				INFOPLIST_FILE = MemorizerTests/Info.plist;
				LD_RUNPATH_SEARCH_PATHS = "$(inherited) @executable_path/Frameworks @loader_path/Frameworks";
				PRODUCT_BUNDLE_IDENTIFIER = com.tinyterabyte.MemorizerTests;
				PRODUCT_NAME = "$(TARGET_NAME)";
				TEST_HOST = "$(BUILT_PRODUCTS_DIR)/Memorizer.app/Memorizer";
			};
			name = Release;
		};
		04E106901B9CFF7F00A415B2 /* Debug */ = {
			isa = XCBuildConfiguration;
			buildSettings = {
				INFOPLIST_FILE = MemorizerUITests/Info.plist;
				LD_RUNPATH_SEARCH_PATHS = "$(inherited) @executable_path/Frameworks @loader_path/Frameworks";
				PRODUCT_BUNDLE_IDENTIFIER = com.tinyterabyte.MemorizerUITests;
				PRODUCT_NAME = "$(TARGET_NAME)";
				TEST_TARGET_NAME = Memorizer;
				USES_XCTRUNNER = YES;
			};
			name = Debug;
		};
		04E106911B9CFF7F00A415B2 /* Release */ = {
			isa = XCBuildConfiguration;
			buildSettings = {
				INFOPLIST_FILE = MemorizerUITests/Info.plist;
				LD_RUNPATH_SEARCH_PATHS = "$(inherited) @executable_path/Frameworks @loader_path/Frameworks";
				PRODUCT_BUNDLE_IDENTIFIER = com.tinyterabyte.MemorizerUITests;
				PRODUCT_NAME = "$(TARGET_NAME)";
				TEST_TARGET_NAME = Memorizer;
				USES_XCTRUNNER = YES;
			};
			name = Release;
		};
/* End XCBuildConfiguration section */

/* Begin XCConfigurationList section */
		04E1065C1B9CFF7E00A415B2 /* Build configuration list for PBXProject "Memorizer" */ = {
			isa = XCConfigurationList;
			buildConfigurations = (
				04E106871B9CFF7F00A415B2 /* Debug */,
				04E106881B9CFF7F00A415B2 /* Release */,
			);
			defaultConfigurationIsVisible = 0;
			defaultConfigurationName = Release;
		};
		04E106891B9CFF7F00A415B2 /* Build configuration list for PBXNativeTarget "Memorizer" */ = {
			isa = XCConfigurationList;
			buildConfigurations = (
				04E1068A1B9CFF7F00A415B2 /* Debug */,
				04E1068B1B9CFF7F00A415B2 /* Release */,
			);
			defaultConfigurationIsVisible = 0;
		};
		04E1068C1B9CFF7F00A415B2 /* Build configuration list for PBXNativeTarget "MemorizerTests" */ = {
			isa = XCConfigurationList;
			buildConfigurations = (
				04E1068D1B9CFF7F00A415B2 /* Debug */,
				04E1068E1B9CFF7F00A415B2 /* Release */,
			);
			defaultConfigurationIsVisible = 0;
		};
		04E1068F1B9CFF7F00A415B2 /* Build configuration list for PBXNativeTarget "MemorizerUITests" */ = {
			isa = XCConfigurationList;
			buildConfigurations = (
				04E106901B9CFF7F00A415B2 /* Debug */,
				04E106911B9CFF7F00A415B2 /* Release */,
			);
			defaultConfigurationIsVisible = 0;
		};
/* End XCConfigurationList section */
	};
	rootObject = 04E106591B9CFF7E00A415B2 /* Project object */;
}
